
Microsoft Visual Studio Solution File, Format Version 12.00
Project("{FAE04EC0-301F-11D3-BF4B-00C04F79EFBC}") = "FGV.BookOrdering.Presentation", "FGV.BookOrdering.Presentation\FGV.BookOrdering.Presentation.csproj", "{1B5171F6-9195-4535-BBFF-778048088C5B}"
EndProject
Project("{FAE04EC0-301F-11D3-BF4B-00C04F79EFBC}") = "FGV.BookOrdering.Domain", "FGV.BookOrdering.Domain\FGV.BookOrdering.Domain.csproj", "{99788129-A58A-46B5-8300-4DC5634EB3E3}"
EndProject
Project("{FAE04EC0-301F-11D3-BF4B-00C04F79EFBC}") = "FGV.BookOrdering.Service", "FGV.BookOrdering.Service\FGV.BookOrdering.Service.csproj", "{C2CC2B24-EB83-4BCB-BF30-67976172F4DD}"
EndProject
Project("{FAE04EC0-301F-11D3-BF4B-00C04F79EFBC}") = "FGV.BookOrdering.Tests", "FGV.BookOrdering.Tests\FGV.BookOrdering.Tests.csproj", "{47735ACD-D421-45EC-A52B-837AD9F9CAE2}"
EndProject
Global
	GlobalSection(SolutionConfigurationPlatforms) = preSolution
		Debug|Any CPU = Debug|Any CPU
		Release|Any CPU = Release|Any CPU
	EndGlobalSection
	GlobalSection(ProjectConfigurationPlatforms) = postSolution
		{1B5171F6-9195-4535-BBFF-778048088C5B}.Debug|Any CPU.ActiveCfg = Debug|Any CPU
		{1B5171F6-9195-4535-BBFF-778048088C5B}.Debug|Any CPU.Build.0 = Debug|Any CPU
		{1B5171F6-9195-4535-BBFF-778048088C5B}.Release|Any CPU.ActiveCfg = Release|Any CPU
		{1B5171F6-9195-4535-BBFF-778048088C5B}.Release|Any CPU.Build.0 = Release|Any CPU
		{99788129-A58A-46B5-8300-4DC5634EB3E3}.Debug|Any CPU.ActiveCfg = Debug|Any CPU
		{99788129-A58A-46B5-8300-4DC5634EB3E3}.Debug|Any CPU.Build.0 = Debug|Any CPU
		{99788129-A58A-46B5-8300-4DC5634EB3E3}.Release|Any CPU.ActiveCfg = Release|Any CPU
		{99788129-A58A-46B5-8300-4DC5634EB3E3}.Release|Any CPU.Build.0 = Release|Any CPU
		{C2CC2B24-EB83-4BCB-BF30-67976172F4DD}.Debug|Any CPU.ActiveCfg = Debug|Any CPU
		{C2CC2B24-EB83-4BCB-BF30-67976172F4DD}.Debug|Any CPU.Build.0 = Debug|Any CPU
		{C2CC2B24-EB83-4BCB-BF30-67976172F4DD}.Release|Any CPU.ActiveCfg = Release|Any CPU
		{C2CC2B24-EB83-4BCB-BF30-67976172F4DD}.Release|Any CPU.Build.0 = Release|Any CPU
		{47735ACD-D421-45EC-A52B-837AD9F9CAE2}.Debug|Any CPU.ActiveCfg = Debug|Any CPU
		{47735ACD-D421-45EC-A52B-837AD9F9CAE2}.Debug|Any CPU.Build.0 = Debug|Any CPU
		{47735ACD-D421-45EC-A52B-837AD9F9CAE2}.Release|Any CPU.ActiveCfg = Release|Any CPU
		{47735ACD-D421-45EC-A52B-837AD9F9CAE2}.Release|Any CPU.Build.0 = Release|Any CPU
	EndGlobalSection
EndGlobal
